
Microsoft Visual Studio Solution File, Format Version 12.00
# Visual Studio Version 17
VisualStudioVersion = 17.5.33530.505
MinimumVisualStudioVersion = 10.0.40219.1
Project("{FAE04EC0-301F-11D3-BF4B-00C04F79EFBC}") = "PoC.OpenAI", "PoC.OpenAI.csproj", "{9FF6FA80-B6A9-4B9F-80B6-D79BED27AE13}"
EndProject
Global
	GlobalSection(SolutionConfigurationPlatforms) = preSolution
		Debug|Any CPU = Debug|Any CPU
		Release|Any CPU = Release|Any CPU
	EndGlobalSection
	GlobalSection(ProjectConfigurationPlatforms) = postSolution
		{9FF6FA80-B6A9-4B9F-80B6-D79BED27AE13}.Debug|Any CPU.ActiveCfg = Debug|Any CPU
		{9FF6FA80-B6A9-4B9F-80B6-D79BED27AE13}.Debug|Any CPU.Build.0 = Debug|Any CPU
		{9FF6FA80-B6A9-4B9F-80B6-D79BED27AE13}.Release|Any CPU.ActiveCfg = Release|Any CPU
		{9FF6FA80-B6A9-4B9F-80B6-D79BED27AE13}.Release|Any CPU.Build.0 = Release|Any CPU
	EndGlobalSection
	GlobalSection(SolutionProperties) = preSolution
		HideSolutionNode = FALSE
	EndGlobalSection
	GlobalSection(ExtensibilityGlobals) = postSolution
		SolutionGuid = {F1C5A6CE-4681-46D3-9C7E-425958AC8FFA}
	EndGlobalSection
EndGlobal
